// !$*UTF8*$!
{
	archiveVersion = 1;
	classes = {
	};
	objectVersion = 50;
	objects = {

/* Begin PBXBuildFile section */
		99293124237028FD00D3A329 /* UserData.swift in Sources */ = {isa = PBXBuildFile; fileRef = 99293123237028FD00D3A329 /* UserData.swift */; };
		996F3E17237046D600C9446D /* BulletinBoardView.swift in Sources */ = {isa = PBXBuildFile; fileRef = 996F3E16237046D600C9446D /* BulletinBoardView.swift */; };
		996F3E19237046E900C9446D /* SignUpView.swift in Sources */ = {isa = PBXBuildFile; fileRef = 996F3E18237046E900C9446D /* SignUpView.swift */; };
		99A69CE8236FE9E500E3B252 /* AppDelegate.swift in Sources */ = {isa = PBXBuildFile; fileRef = 99A69CE7236FE9E500E3B252 /* AppDelegate.swift */; };
		99A69CEA236FE9E500E3B252 /* SceneDelegate.swift in Sources */ = {isa = PBXBuildFile; fileRef = 99A69CE9236FE9E500E3B252 /* SceneDelegate.swift */; };
		99A69CEC236FE9E500E3B252 /* SignInView.swift in Sources */ = {isa = PBXBuildFile; fileRef = 99A69CEB236FE9E500E3B252 /* SignInView.swift */; };
		99A69CEE236FE9EA00E3B252 /* Assets.xcassets in Resources */ = {isa = PBXBuildFile; fileRef = 99A69CED236FE9EA00E3B252 /* Assets.xcassets */; };
		99A69CF1236FE9EA00E3B252 /* Preview Assets.xcassets in Resources */ = {isa = PBXBuildFile; fileRef = 99A69CF0236FE9EA00E3B252 /* Preview Assets.xcassets */; };
		99A69CF4236FE9EA00E3B252 /* LaunchScreen.storyboard in Resources */ = {isa = PBXBuildFile; fileRef = 99A69CF2236FE9EA00E3B252 /* LaunchScreen.storyboard */; };
/* End PBXBuildFile section */

/* Begin PBXFileReference section */
		99293123237028FD00D3A329 /* UserData.swift */ = {isa = PBXFileReference; lastKnownFileType = sourcecode.swift; path = UserData.swift; sourceTree = "<group>"; };
		996F3E16237046D600C9446D /* BulletinBoardView.swift */ = {isa = PBXFileReference; lastKnownFileType = sourcecode.swift; path = BulletinBoardView.swift; sourceTree = "<group>"; };
		996F3E18237046E900C9446D /* SignUpView.swift */ = {isa = PBXFileReference; lastKnownFileType = sourcecode.swift; path = SignUpView.swift; sourceTree = "<group>"; };
		99A69CE4236FE9E500E3B252 /* SimpleBulletinBoard.app */ = {isa = PBXFileReference; explicitFileType = wrapper.application; includeInIndex = 0; path = SimpleBulletinBoard.app; sourceTree = BUILT_PRODUCTS_DIR; };
		99A69CE7236FE9E500E3B252 /* AppDelegate.swift */ = {isa = PBXFileReference; lastKnownFileType = sourcecode.swift; path = AppDelegate.swift; sourceTree = "<group>"; };
		99A69CE9236FE9E500E3B252 /* SceneDelegate.swift */ = {isa = PBXFileReference; lastKnownFileType = sourcecode.swift; path = SceneDelegate.swift; sourceTree = "<group>"; };
		99A69CEB236FE9E500E3B252 /* SignInView.swift */ = {isa = PBXFileReference; lastKnownFileType = sourcecode.swift; path = SignInView.swift; sourceTree = "<group>"; };
		99A69CED236FE9EA00E3B252 /* Assets.xcassets */ = {isa = PBXFileReference; lastKnownFileType = folder.assetcatalog; path = Assets.xcassets; sourceTree = "<group>"; };
		99A69CF0236FE9EA00E3B252 /* Preview Assets.xcassets */ = {isa = PBXFileReference; lastKnownFileType = folder.assetcatalog; path = "Preview Assets.xcassets"; sourceTree = "<group>"; };
		99A69CF3236FE9EA00E3B252 /* Base */ = {isa = PBXFileReference; lastKnownFileType = file.storyboard; name = Base; path = Base.lproj/LaunchScreen.storyboard; sourceTree = "<group>"; };
		99A69CF5236FE9EA00E3B252 /* Info.plist */ = {isa = PBXFileReference; lastKnownFileType = text.plist.xml; path = Info.plist; sourceTree = "<group>"; };
/* End PBXFileReference section */

/* Begin PBXFrameworksBuildPhase section */
		99A69CE1236FE9E500E3B252 /* Frameworks */ = {
			isa = PBXFrameworksBuildPhase;
			buildActionMask = 2147483647;
			files = (
			);
			runOnlyForDeploymentPostprocessing = 0;
		};
/* End PBXFrameworksBuildPhase section */

/* Begin PBXGroup section */
		99293122237028D600D3A329 /* Model */ = {
			isa = PBXGroup;
			children = (
				99293123237028FD00D3A329 /* UserData.swift */,
			);
			path = Model;
			sourceTree = "<group>";
		};
		99A69CDB236FE9E500E3B252 = {
			isa = PBXGroup;
			children = (
				99A69CE6236FE9E500E3B252 /* SimpleBulletinBoard */,
				99A69CE5236FE9E500E3B252 /* Products */,
			);
			sourceTree = "<group>";
		};
		99A69CE5236FE9E500E3B252 /* Products */ = {
			isa = PBXGroup;
			children = (
				99A69CE4236FE9E500E3B252 /* SimpleBulletinBoard.app */,
			);
			name = Products;
			sourceTree = "<group>";
		};
		99A69CE6236FE9E500E3B252 /* SimpleBulletinBoard */ = {
			isa = PBXGroup;
			children = (
				99293122237028D600D3A329 /* Model */,
				99A69CE7236FE9E500E3B252 /* AppDelegate.swift */,
				99A69CE9236FE9E500E3B252 /* SceneDelegate.swift */,
				99A69CEB236FE9E500E3B252 /* SignInView.swift */,
				99A69CED236FE9EA00E3B252 /* Assets.xcassets */,
				99A69CF2236FE9EA00E3B252 /* LaunchScreen.storyboard */,
				99A69CF5236FE9EA00E3B252 /* Info.plist */,
				99A69CEF236FE9EA00E3B252 /* Preview Content */,
				996F3E16237046D600C9446D /* BulletinBoardView.swift */,
				996F3E18237046E900C9446D /* SignUpView.swift */,
			);
			path = SimpleBulletinBoard;
			sourceTree = "<group>";
		};
		99A69CEF236FE9EA00E3B252 /* Preview Content */ = {
			isa = PBXGroup;
			children = (
				99A69CF0236FE9EA00E3B252 /* Preview Assets.xcassets */,
			);
			path = "Preview Content";
			sourceTree = "<group>";
		};
/* End PBXGroup section */

/* Begin PBXNativeTarget section */
		99A69CE3236FE9E500E3B252 /* SimpleBulletinBoard */ = {
			isa = PBXNativeTarget;
			buildConfigurationList = 99A69CF8236FE9EA00E3B252 /* Build configuration list for PBXNativeTarget "SimpleBulletinBoard" */;
			buildPhases = (
				99A69CE0236FE9E500E3B252 /* Sources */,
				99A69CE1236FE9E500E3B252 /* Frameworks */,
				99A69CE2236FE9E500E3B252 /* Resources */,
			);
			buildRules = (
			);
			dependencies = (
			);
			name = SimpleBulletinBoard;
			productName = SimpleBulletinBoard;
			productReference = 99A69CE4236FE9E500E3B252 /* SimpleBulletinBoard.app */;
			productType = "com.apple.product-type.application";
		};
/* End PBXNativeTarget section */

/* Begin PBXProject section */
		99A69CDC236FE9E500E3B252 /* Project object */ = {
			isa = PBXProject;
			attributes = {
				LastSwiftUpdateCheck = 1120;
				LastUpgradeCheck = 1120;
				ORGANIZATIONNAME = "조승혁";
				TargetAttributes = {
					99A69CE3236FE9E500E3B252 = {
						CreatedOnToolsVersion = 11.2;
					};
				};
			};
			buildConfigurationList = 99A69CDF236FE9E500E3B252 /* Build configuration list for PBXProject "SimpleBulletinBoard" */;
			compatibilityVersion = "Xcode 9.3";
			developmentRegion = en;
			hasScannedForEncodings = 0;
			knownRegions = (
				en,
				Base,
			);
			mainGroup = 99A69CDB236FE9E500E3B252;
			productRefGroup = 99A69CE5236FE9E500E3B252 /* Products */;
			projectDirPath = "";
			projectRoot = "";
			targets = (
				99A69CE3236FE9E500E3B252 /* SimpleBulletinBoard */,
			);
		};
/* End PBXProject section */

/* Begin PBXResourcesBuildPhase section */
		99A69CE2236FE9E500E3B252 /* Resources */ = {
			isa = PBXResourcesBuildPhase;
			buildActionMask = 2147483647;
			files = (
				99A69CF4236FE9EA00E3B252 /* LaunchScreen.storyboard in Resources */,
				99A69CF1236FE9EA00E3B252 /* Preview Assets.xcassets in Resources */,
				99A69CEE236FE9EA00E3B252 /* Assets.xcassets in Resources */,
			);
			runOnlyForDeploymentPostprocessing = 0;
		};
/* End PBXResourcesBuildPhase section */

/* Begin PBXSourcesBuildPhase section */
		99A69CE0236FE9E500E3B252 /* Sources */ = {
			isa = PBXSourcesBuildPhase;
			buildActionMask = 2147483647;
			files = (
				996F3E17237046D600C9446D /* BulletinBoardView.swift in Sources */,
				99A69CE8236FE9E500E3B252 /* AppDelegate.swift in Sources */,
				99A69CEA236FE9E500E3B252 /* SceneDelegate.swift in Sources */,
				99293124237028FD00D3A329 /* UserData.swift in Sources */,
				996F3E19237046E900C9446D /* SignUpView.swift in Sources */,
				99A69CEC236FE9E500E3B252 /* SignInView.swift in Sources */,
			);
			runOnlyForDeploymentPostprocessing = 0;
		};
/* End PBXSourcesBuildPhase section */

/* Begin PBXVariantGroup section */
		99A69CF2236FE9EA00E3B252 /* LaunchScreen.storyboard */ = {
			isa = PBXVariantGroup;
			children = (
				99A69CF3236FE9EA00E3B252 /* Base */,
			);
			name = LaunchScreen.storyboard;
			sourceTree = "<group>";
		};
/* End PBXVariantGroup section */

/* Begin XCBuildConfiguration section */
		99A69CF6236FE9EA00E3B252 /* Debug */ = {
			isa = XCBuildConfiguration;
			buildSettings = {
				ALWAYS_SEARCH_USER_PATHS = NO;
				CLANG_ANALYZER_NONNULL = YES;
				CLANG_ANALYZER_NUMBER_OBJECT_CONVERSION = YES_AGGRESSIVE;
				CLANG_CXX_LANGUAGE_STANDARD = "gnu++14";
				CLANG_CXX_LIBRARY = "libc++";
				CLANG_ENABLE_MODULES = YES;
				CLANG_ENABLE_OBJC_ARC = YES;
				CLANG_ENABLE_OBJC_WEAK = YES;
				CLANG_WARN_BLOCK_CAPTURE_AUTORELEASING = YES;
				CLANG_WARN_BOOL_CONVERSION = YES;
				CLANG_WARN_COMMA = YES;
				CLANG_WARN_CONSTANT_CONVERSION = YES;
				CLANG_WARN_DEPRECATED_OBJC_IMPLEMENTATIONS = YES;
				CLANG_WARN_DIRECT_OBJC_ISA_USAGE = YES_ERROR;
				CLANG_WARN_DOCUMENTATION_COMMENTS = YES;
				CLANG_WARN_EMPTY_BODY = YES;
				CLANG_WARN_ENUM_CONVERSION = YES;
				CLANG_WARN_INFINITE_RECURSION = YES;
				CLANG_WARN_INT_CONVERSION = YES;
				CLANG_WARN_NON_LITERAL_NULL_CONVERSION = YES;
				CLANG_WARN_OBJC_IMPLICIT_RETAIN_SELF = YES;
				CLANG_WARN_OBJC_LITERAL_CONVERSION = YES;
				CLANG_WARN_OBJC_ROOT_CLASS = YES_ERROR;
				CLANG_WARN_RANGE_LOOP_ANALYSIS = YES;
				CLANG_WARN_STRICT_PROTOTYPES = YES;
				CLANG_WARN_SUSPICIOUS_MOVE = YES;
				CLANG_WARN_UNGUARDED_AVAILABILITY = YES_AGGRESSIVE;
				CLANG_WARN_UNREACHABLE_CODE = YES;
				CLANG_WARN__DUPLICATE_METHOD_MATCH = YES;
				COPY_PHASE_STRIP = NO;
				DEBUG_INFORMATION_FORMAT = dwarf;
				ENABLE_STRICT_OBJC_MSGSEND = YES;
				ENABLE_TESTABILITY = YES;
				GCC_C_LANGUAGE_STANDARD = gnu11;
				GCC_DYNAMIC_NO_PIC = NO;
				GCC_NO_COMMON_BLOCKS = YES;
				GCC_OPTIMIZATION_LEVEL = 0;
				GCC_PREPROCESSOR_DEFINITIONS = (
					"DEBUG=1",
					"$(inherited)",
				);
				GCC_WARN_64_TO_32_BIT_CONVERSION = YES;
				GCC_WARN_ABOUT_RETURN_TYPE = YES_ERROR;
				GCC_WARN_UNDECLARED_SELECTOR = YES;
				GCC_WARN_UNINITIALIZED_AUTOS = YES_AGGRESSIVE;
				GCC_WARN_UNUSED_FUNCTION = YES;
				GCC_WARN_UNUSED_VARIABLE = YES;
				IPHONEOS_DEPLOYMENT_TARGET = 13.2;
				MTL_ENABLE_DEBUG_INFO = INCLUDE_SOURCE;
				MTL_FAST_MATH = YES;
				ONLY_ACTIVE_ARCH = YES;
				SDKROOT = iphoneos;
				SWIFT_ACTIVE_COMPILATION_CONDITIONS = DEBUG;
				SWIFT_OPTIMIZATION_LEVEL = "-Onone";
			};
			name = Debug;
		};
		99A69CF7236FE9EA00E3B252 /* Release */ = {
			isa = XCBuildConfiguration;
			buildSettings = {
				ALWAYS_SEARCH_USER_PATHS = NO;
				CLANG_ANALYZER_NONNULL = YES;
				CLANG_ANALYZER_NUMBER_OBJECT_CONVERSION = YES_AGGRESSIVE;
				CLANG_CXX_LANGUAGE_STANDARD = "gnu++14";
				CLANG_CXX_LIBRARY = "libc++";
				CLANG_ENABLE_MODULES = YES;
				CLANG_ENABLE_OBJC_ARC = YES;
				CLANG_ENABLE_OBJC_WEAK = YES;
				CLANG_WARN_BLOCK_CAPTURE_AUTORELEASING = YES;
				CLANG_WARN_BOOL_CONVERSION = YES;
				CLANG_WARN_COMMA = YES;
				CLANG_WARN_CONSTANT_CONVERSION = YES;
				CLANG_WARN_DEPRECATED_OBJC_IMPLEMENTATIONS = YES;
				CLANG_WARN_DIRECT_OBJC_ISA_USAGE = YES_ERROR;
				CLANG_WARN_DOCUMENTATION_COMMENTS = YES;
				CLANG_WARN_EMPTY_BODY = YES;
				CLANG_WARN_ENUM_CONVERSION = YES;
				CLANG_WARN_INFINITE_RECURSION = YES;
				CLANG_WARN_INT_CONVERSION = YES;
				CLANG_WARN_NON_LITERAL_NULL_CONVERSION = YES;
				CLANG_WARN_OBJC_IMPLICIT_RETAIN_SELF = YES;
				CLANG_WARN_OBJC_LITERAL_CONVERSION = YES;
				CLANG_WARN_OBJC_ROOT_CLASS = YES_ERROR;
				CLANG_WARN_RANGE_LOOP_ANALYSIS = YES;
				CLANG_WARN_STRICT_PROTOTYPES = YES;
				CLANG_WARN_SUSPICIOUS_MOVE = YES;
				CLANG_WARN_UNGUARDED_AVAILABILITY = YES_AGGRESSIVE;
				CLANG_WARN_UNREACHABLE_CODE = YES;
				CLANG_WARN__DUPLICATE_METHOD_MATCH = YES;
				COPY_PHASE_STRIP = NO;
				DEBUG_INFORMATION_FORMAT = "dwarf-with-dsym";
				ENABLE_NS_ASSERTIONS = NO;
				ENABLE_STRICT_OBJC_MSGSEND = YES;
				GCC_C_LANGUAGE_STANDARD = gnu11;
				GCC_NO_COMMON_BLOCKS = YES;
				GCC_WARN_64_TO_32_BIT_CONVERSION = YES;
				GCC_WARN_ABOUT_RETURN_TYPE = YES_ERROR;
				GCC_WARN_UNDECLARED_SELECTOR = YES;
				GCC_WARN_UNINITIALIZED_AUTOS = YES_AGGRESSIVE;
				GCC_WARN_UNUSED_FUNCTION = YES;
				GCC_WARN_UNUSED_VARIABLE = YES;
				IPHONEOS_DEPLOYMENT_TARGET = 13.2;
				MTL_ENABLE_DEBUG_INFO = NO;
				MTL_FAST_MATH = YES;
				SDKROOT = iphoneos;
				SWIFT_COMPILATION_MODE = wholemodule;
				SWIFT_OPTIMIZATION_LEVEL = "-O";
				VALIDATE_PRODUCT = YES;
			};
			name = Release;
		};
		99A69CF9236FE9EA00E3B252 /* Debug */ = {
			isa = XCBuildConfiguration;
			buildSettings = {
				ASSETCATALOG_COMPILER_APPICON_NAME = AppIcon;
				CODE_SIGN_STYLE = Automatic;
				DEVELOPMENT_ASSET_PATHS = "\"SimpleBulletinBoard/Preview Content\"";
				ENABLE_PREVIEWS = YES;
				INFOPLIST_FILE = SimpleBulletinBoard/Info.plist;
				LD_RUNPATH_SEARCH_PATHS = (
					"$(inherited)",
					"@executable_path/Frameworks",
				);
				PRODUCT_BUNDLE_IDENTIFIER = com.poapper.ios.SimpleBulletinBoard;
				PRODUCT_NAME = "$(TARGET_NAME)";
				SWIFT_VERSION = 5.0;
				TARGETED_DEVICE_FAMILY = "1,2";
			};
			name = Debug;
		};
		99A69CFA236FE9EA00E3B252 /* Release */ = {
			isa = XCBuildConfiguration;
			buildSettings = {
				ASSETCATALOG_COMPILER_APPICON_NAME = AppIcon;
				CODE_SIGN_STYLE = Automatic;
				DEVELOPMENT_ASSET_PATHS = "\"SimpleBulletinBoard/Preview Content\"";
				ENABLE_PREVIEWS = YES;
				INFOPLIST_FILE = SimpleBulletinBoard/Info.plist;
				LD_RUNPATH_SEARCH_PATHS = (
					"$(inherited)",
					"@executable_path/Frameworks",
				);
				PRODUCT_BUNDLE_IDENTIFIER = com.poapper.ios.SimpleBulletinBoard;
				PRODUCT_NAME = "$(TARGET_NAME)";
				SWIFT_VERSION = 5.0;
				TARGETED_DEVICE_FAMILY = "1,2";
			};
			name = Release;
		};
/* End XCBuildConfiguration section */

/* Begin XCConfigurationList section */
		99A69CDF236FE9E500E3B252 /* Build configuration list for PBXProject "SimpleBulletinBoard" */ = {
			isa = XCConfigurationList;
			buildConfigurations = (
				99A69CF6236FE9EA00E3B252 /* Debug */,
				99A69CF7236FE9EA00E3B252 /* Release */,
			);
			defaultConfigurationIsVisible = 0;
			defaultConfigurationName = Release;
		};
		99A69CF8236FE9EA00E3B252 /* Build configuration list for PBXNativeTarget "SimpleBulletinBoard" */ = {
			isa = XCConfigurationList;
			buildConfigurations = (
				99A69CF9236FE9EA00E3B252 /* Debug */,
				99A69CFA236FE9EA00E3B252 /* Release */,
			);
			defaultConfigurationIsVisible = 0;
			defaultConfigurationName = Release;
		};
/* End XCConfigurationList section */
	};
	rootObject = 99A69CDC236FE9E500E3B252 /* Project object */;
}
